// !$*UTF8*$!
{
	archiveVersion = 1;
	classes = {
	};
	objectVersion = 77;
	objects = {

/* Begin PBXContainerItemProxy section */
		17D26D5A2D0E9BC30088E655 /* PBXContainerItemProxy */ = {
			isa = PBXContainerItemProxy;
			containerPortal = 17D26D412D0E9BC00088E655 /* Project object */;
			proxyType = 1;
			remoteGlobalIDString = 17D26D482D0E9BC00088E655;
			remoteInfo = TheSqareGame;
		};
		17D26D642D0E9BC30088E655 /* PBXContainerItemProxy */ = {
			isa = PBXContainerItemProxy;
			containerPortal = 17D26D412D0E9BC00088E655 /* Project object */;
			proxyType = 1;
			remoteGlobalIDString = 17D26D482D0E9BC00088E655;
			remoteInfo = TheSqareGame;
		};
/* End PBXContainerItemProxy section */

/* Begin PBXFileReference section */
		17D26D492D0E9BC00088E655 /* TheSqareGame.app */ = {isa = PBXFileReference; explicitFileType = wrapper.application; includeInIndex = 0; path = TheSqareGame.app; sourceTree = BUILT_PRODUCTS_DIR; };
		17D26D592D0E9BC30088E655 /* TheSqareGameTests.xctest */ = {isa = PBXFileReference; explicitFileType = wrapper.cfbundle; includeInIndex = 0; path = TheSqareGameTests.xctest; sourceTree = BUILT_PRODUCTS_DIR; };
		17D26D632D0E9BC30088E655 /* TheSqareGameUITests.xctest */ = {isa = PBXFileReference; explicitFileType = wrapper.cfbundle; includeInIndex = 0; path = TheSqareGameUITests.xctest; sourceTree = BUILT_PRODUCTS_DIR; };
/* End PBXFileReference section */

/* Begin PBXFileSystemSynchronizedRootGroup section */
		17D26D4B2D0E9BC00088E655 /* TheSqareGame */ = {
			isa = PBXFileSystemSynchronizedRootGroup;
			path = TheSqareGame;
			sourceTree = "<group>";
		};
		17D26D5C2D0E9BC30088E655 /* TheSqareGameTests */ = {
			isa = PBXFileSystemSynchronizedRootGroup;
			path = TheSqareGameTests;
			sourceTree = "<group>";
		};
		17D26D662D0E9BC30088E655 /* TheSqareGameUITests */ = {
			isa = PBXFileSystemSynchronizedRootGroup;
			path = TheSqareGameUITests;
			sourceTree = "<group>";
		};
/* End PBXFileSystemSynchronizedRootGroup section */

/* Begin PBXFrameworksBuildPhase section */
		17D26D462D0E9BC00088E655 /* Frameworks */ = {
			isa = PBXFrameworksBuildPhase;
			buildActionMask = 2147483647;
			files = (
			);
			runOnlyForDeploymentPostprocessing = 0;
		};
		17D26D562D0E9BC30088E655 /* Frameworks */ = {
			isa = PBXFrameworksBuildPhase;
			buildActionMask = 2147483647;
			files = (
			);
			runOnlyForDeploymentPostprocessing = 0;
		};
		17D26D602D0E9BC30088E655 /* Frameworks */ = {
			isa = PBXFrameworksBuildPhase;
			buildActionMask = 2147483647;
			files = (
			);
			runOnlyForDeploymentPostprocessing = 0;
		};
/* End PBXFrameworksBuildPhase section */

/* Begin PBXGroup section */
		17D26D402D0E9BC00088E655 = {
			isa = PBXGroup;
			children = (
				17D26D4B2D0E9BC00088E655 /* TheSqareGame */,
				17D26D5C2D0E9BC30088E655 /* TheSqareGameTests */,
				17D26D662D0E9BC30088E655 /* TheSqareGameUITests */,
				17D26D4A2D0E9BC00088E655 /* Products */,
			);
			sourceTree = "<group>";
		};
		17D26D4A2D0E9BC00088E655 /* Products */ = {
			isa = PBXGroup;
			children = (
				17D26D492D0E9BC00088E655 /* TheSqareGame.app */,
				17D26D592D0E9BC30088E655 /* TheSqareGameTests.xctest */,
				17D26D632D0E9BC30088E655 /* TheSqareGameUITests.xctest */,
			);
			name = Products;
			sourceTree = "<group>";
		};
/* End PBXGroup section */

/* Begin PBXNativeTarget section */
		17D26D482D0E9BC00088E655 /* TheSqareGame */ = {
			isa = PBXNativeTarget;
			buildConfigurationList = 17D26D6D2D0E9BC30088E655 /* Build configuration list for PBXNativeTarget "TheSqareGame" */;
			buildPhases = (
				17D26D452D0E9BC00088E655 /* Sources */,
				17D26D462D0E9BC00088E655 /* Frameworks */,
				17D26D472D0E9BC00088E655 /* Resources */,
			);
			buildRules = (
			);
			dependencies = (
			);
			fileSystemSynchronizedGroups = (
				17D26D4B2D0E9BC00088E655 /* TheSqareGame */,
			);
			name = TheSqareGame;
			packageProductDependencies = (
			);
			productName = TheSqareGame;
			productReference = 17D26D492D0E9BC00088E655 /* TheSqareGame.app */;
			productType = "com.apple.product-type.application";
		};
		17D26D582D0E9BC30088E655 /* TheSqareGameTests */ = {
			isa = PBXNativeTarget;
			buildConfigurationList = 17D26D702D0E9BC30088E655 /* Build configuration list for PBXNativeTarget "TheSqareGameTests" */;
			buildPhases = (
				17D26D552D0E9BC30088E655 /* Sources */,
				17D26D562D0E9BC30088E655 /* Frameworks */,
				17D26D572D0E9BC30088E655 /* Resources */,
			);
			buildRules = (
			);
			dependencies = (
				17D26D5B2D0E9BC30088E655 /* PBXTargetDependency */,
			);
			fileSystemSynchronizedGroups = (
				17D26D5C2D0E9BC30088E655 /* TheSqareGameTests */,
			);
			name = TheSqareGameTests;
			packageProductDependencies = (
			);
			productName = TheSqareGameTests;
			productReference = 17D26D592D0E9BC30088E655 /* TheSqareGameTests.xctest */;
			productType = "com.apple.product-type.bundle.unit-test";
		};
		17D26D622D0E9BC30088E655 /* TheSqareGameUITests */ = {
			isa = PBXNativeTarget;
			buildConfigurationList = 17D26D732D0E9BC30088E655 /* Build configuration list for PBXNativeTarget "TheSqareGameUITests" */;
			buildPhases = (
				17D26D5F2D0E9BC30088E655 /* Sources */,
				17D26D602D0E9BC30088E655 /* Frameworks */,
				17D26D612D0E9BC30088E655 /* Resources */,
			);
			buildRules = (
			);
			dependencies = (
				17D26D652D0E9BC30088E655 /* PBXTargetDependency */,
			);
			fileSystemSynchronizedGroups = (
				17D26D662D0E9BC30088E655 /* TheSqareGameUITests */,
			);
			name = TheSqareGameUITests;
			packageProductDependencies = (
			);
			productName = TheSqareGameUITests;
			productReference = 17D26D632D0E9BC30088E655 /* TheSqareGameUITests.xctest */;
			productType = "com.apple.product-type.bundle.ui-testing";
		};
/* End PBXNativeTarget section */

/* Begin PBXProject section */
		17D26D412D0E9BC00088E655 /* Project object */ = {
			isa = PBXProject;
			attributes = {
				BuildIndependentTargetsInParallel = 1;
				LastSwiftUpdateCheck = 1610;
				LastUpgradeCheck = 1610;
				TargetAttributes = {
					17D26D482D0E9BC00088E655 = {
						CreatedOnToolsVersion = 16.1;
					};
					17D26D582D0E9BC30088E655 = {
						CreatedOnToolsVersion = 16.1;
						TestTargetID = 17D26D482D0E9BC00088E655;
					};
					17D26D622D0E9BC30088E655 = {
						CreatedOnToolsVersion = 16.1;
						TestTargetID = 17D26D482D0E9BC00088E655;
					};
				};
			};
			buildConfigurationList = 17D26D442D0E9BC00088E655 /* Build configuration list for PBXProject "TheSqareGame" */;
			developmentRegion = en;
			hasScannedForEncodings = 0;
			knownRegions = (
				en,
				Base,
			);
			mainGroup = 17D26D402D0E9BC00088E655;
			minimizedProjectReferenceProxies = 1;
			preferredProjectObjectVersion = 77;
			productRefGroup = 17D26D4A2D0E9BC00088E655 /* Products */;
			projectDirPath = "";
			projectRoot = "";
			targets = (
				17D26D482D0E9BC00088E655 /* TheSqareGame */,
				17D26D582D0E9BC30088E655 /* TheSqareGameTests */,
				17D26D622D0E9BC30088E655 /* TheSqareGameUITests */,
			);
		};
/* End PBXProject section */

/* Begin PBXResourcesBuildPhase section */
		17D26D472D0E9BC00088E655 /* Resources */ = {
			isa = PBXResourcesBuildPhase;
			buildActionMask = 2147483647;
			files = (
			);
			runOnlyForDeploymentPostprocessing = 0;
		};
		17D26D572D0E9BC30088E655 /* Resources */ = {
			isa = PBXResourcesBuildPhase;
			buildActionMask = 2147483647;
			files = (
			);
			runOnlyForDeploymentPostprocessing = 0;
		};
		17D26D612D0E9BC30088E655 /* Resources */ = {
			isa = PBXResourcesBuildPhase;
			buildActionMask = 2147483647;
			files = (
			);
			runOnlyForDeploymentPostprocessing = 0;
		};
/* End PBXResourcesBuildPhase section */

/* Begin PBXSourcesBuildPhase section */
		17D26D452D0E9BC00088E655 /* Sources */ = {
			isa = PBXSourcesBuildPhase;
			buildActionMask = 2147483647;
			files = (
			);
			runOnlyForDeploymentPostprocessing = 0;
		};
		17D26D552D0E9BC30088E655 /* Sources */ = {
			isa = PBXSourcesBuildPhase;
			buildActionMask = 2147483647;
			files = (
			);
			runOnlyForDeploymentPostprocessing = 0;
		};
		17D26D5F2D0E9BC30088E655 /* Sources */ = {
			isa = PBXSourcesBuildPhase;
			buildActionMask = 2147483647;
			files = (
			);
			runOnlyForDeploymentPostprocessing = 0;
		};
/* End PBXSourcesBuildPhase section */

/* Begin PBXTargetDependency section */
		17D26D5B2D0E9BC30088E655 /* PBXTargetDependency */ = {
			isa = PBXTargetDependency;
			target = 17D26D482D0E9BC00088E655 /* TheSqareGame */;
			targetProxy = 17D26D5A2D0E9BC30088E655 /* PBXContainerItemProxy */;
		};
		17D26D652D0E9BC30088E655 /* PBXTargetDependency */ = {
			isa = PBXTargetDependency;
			target = 17D26D482D0E9BC00088E655 /* TheSqareGame */;
			targetProxy = 17D26D642D0E9BC30088E655 /* PBXContainerItemProxy */;
		};
/* End PBXTargetDependency section */

/* Begin XCBuildConfiguration section */
		17D26D6B2D0E9BC30088E655 /* Debug */ = {
			isa = XCBuildConfiguration;
			buildSettings = {
				ALWAYS_SEARCH_USER_PATHS = NO;
				ASSETCATALOG_COMPILER_GENERATE_SWIFT_ASSET_SYMBOL_EXTENSIONS = YES;
				CLANG_ANALYZER_NONNULL = YES;
				CLANG_ANALYZER_NUMBER_OBJECT_CONVERSION = YES_AGGRESSIVE;
				CLANG_CXX_LANGUAGE_STANDARD = "gnu++20";
				CLANG_ENABLE_MODULES = YES;
				CLANG_ENABLE_OBJC_ARC = YES;
				CLANG_ENABLE_OBJC_WEAK = YES;
				CLANG_WARN_BLOCK_CAPTURE_AUTORELEASING = YES;
				CLANG_WARN_BOOL_CONVERSION = YES;
				CLANG_WARN_COMMA = YES;
				CLANG_WARN_CONSTANT_CONVERSION = YES;
				CLANG_WARN_DEPRECATED_OBJC_IMPLEMENTATIONS = YES;
				CLANG_WARN_DIRECT_OBJC_ISA_USAGE = YES_ERROR;
				CLANG_WARN_DOCUMENTATION_COMMENTS = YES;
				CLANG_WARN_EMPTY_BODY = YES;
				CLANG_WARN_ENUM_CONVERSION = YES;
				CLANG_WARN_INFINITE_RECURSION = YES;
				CLANG_WARN_INT_CONVERSION = YES;
				CLANG_WARN_NON_LITERAL_NULL_CONVERSION = YES;
				CLANG_WARN_OBJC_IMPLICIT_RETAIN_SELF = YES;
				CLANG_WARN_OBJC_LITERAL_CONVERSION = YES;
				CLANG_WARN_OBJC_ROOT_CLASS = YES_ERROR;
				CLANG_WARN_QUOTED_INCLUDE_IN_FRAMEWORK_HEADER = YES;
				CLANG_WARN_RANGE_LOOP_ANALYSIS = YES;
				CLANG_WARN_STRICT_PROTOTYPES = YES;
				CLANG_WARN_SUSPICIOUS_MOVE = YES;
				CLANG_WARN_UNGUARDED_AVAILABILITY = YES_AGGRESSIVE;
				CLANG_WARN_UNREACHABLE_CODE = YES;
				CLANG_WARN__DUPLICATE_METHOD_MATCH = YES;
				COPY_PHASE_STRIP = NO;
				DEBUG_INFORMATION_FORMAT = dwarf;
				ENABLE_STRICT_OBJC_MSGSEND = YES;
				ENABLE_TESTABILITY = YES;
				ENABLE_USER_SCRIPT_SANDBOXING = YES;
				GCC_C_LANGUAGE_STANDARD = gnu17;
				GCC_DYNAMIC_NO_PIC = NO;
				GCC_NO_COMMON_BLOCKS = YES;
				GCC_OPTIMIZATION_LEVEL = 0;
				GCC_PREPROCESSOR_DEFINITIONS = (
					"DEBUG=1",
					"$(inherited)",
				);
				GCC_WARN_64_TO_32_BIT_CONVERSION = YES;
				GCC_WARN_ABOUT_RETURN_TYPE = YES_ERROR;
				GCC_WARN_UNDECLARED_SELECTOR = YES;
				GCC_WARN_UNINITIALIZED_AUTOS = YES_AGGRESSIVE;
				GCC_WARN_UNUSED_FUNCTION = YES;
				GCC_WARN_UNUSED_VARIABLE = YES;
				IPHONEOS_DEPLOYMENT_TARGET = 18.1;
				LOCALIZATION_PREFERS_STRING_CATALOGS = YES;
				MTL_ENABLE_DEBUG_INFO = INCLUDE_SOURCE;
				MTL_FAST_MATH = YES;
				ONLY_ACTIVE_ARCH = YES;
				SDKROOT = iphoneos;
				SWIFT_ACTIVE_COMPILATION_CONDITIONS = "DEBUG $(inherited)";
				SWIFT_OPTIMIZATION_LEVEL = "-Onone";
			};
			name = Debug;
		};
		17D26D6C2D0E9BC30088E655 /* Release */ = {
			isa = XCBuildConfiguration;
			buildSettings = {
				ALWAYS_SEARCH_USER_PATHS = NO;
				ASSETCATALOG_COMPILER_GENERATE_SWIFT_ASSET_SYMBOL_EXTENSIONS = YES;
				CLANG_ANALYZER_NONNULL = YES;
				CLANG_ANALYZER_NUMBER_OBJECT_CONVERSION = YES_AGGRESSIVE;
				CLANG_CXX_LANGUAGE_STANDARD = "gnu++20";
				CLANG_ENABLE_MODULES = YES;
				CLANG_ENABLE_OBJC_ARC = YES;
				CLANG_ENABLE_OBJC_WEAK = YES;
				CLANG_WARN_BLOCK_CAPTURE_AUTORELEASING = YES;
				CLANG_WARN_BOOL_CONVERSION = YES;
				CLANG_WARN_COMMA = YES;
				CLANG_WARN_CONSTANT_CONVERSION = YES;
				CLANG_WARN_DEPRECATED_OBJC_IMPLEMENTATIONS = YES;
				CLANG_WARN_DIRECT_OBJC_ISA_USAGE = YES_ERROR;
				CLANG_WARN_DOCUMENTATION_COMMENTS = YES;
				CLANG_WARN_EMPTY_BODY = YES;
				CLANG_WARN_ENUM_CONVERSION = YES;
				CLANG_WARN_INFINITE_RECURSION = YES;
				CLANG_WARN_INT_CONVERSION = YES;
				CLANG_WARN_NON_LITERAL_NULL_CONVERSION = YES;
				CLANG_WARN_OBJC_IMPLICIT_RETAIN_SELF = YES;
				CLANG_WARN_OBJC_LITERAL_CONVERSION = YES;
				CLANG_WARN_OBJC_ROOT_CLASS = YES_ERROR;
				CLANG_WARN_QUOTED_INCLUDE_IN_FRAMEWORK_HEADER = YES;
				CLANG_WARN_RANGE_LOOP_ANALYSIS = YES;
				CLANG_WARN_STRICT_PROTOTYPES = YES;
				CLANG_WARN_SUSPICIOUS_MOVE = YES;
				CLANG_WARN_UNGUARDED_AVAILABILITY = YES_AGGRESSIVE;
				CLANG_WARN_UNREACHABLE_CODE = YES;
				CLANG_WARN__DUPLICATE_METHOD_MATCH = YES;
				COPY_PHASE_STRIP = NO;
				DEBUG_INFORMATION_FORMAT = "dwarf-with-dsym";
				ENABLE_NS_ASSERTIONS = NO;
				ENABLE_STRICT_OBJC_MSGSEND = YES;
				ENABLE_USER_SCRIPT_SANDBOXING = YES;
				GCC_C_LANGUAGE_STANDARD = gnu17;
				GCC_NO_COMMON_BLOCKS = YES;
				GCC_WARN_64_TO_32_BIT_CONVERSION = YES;
				GCC_WARN_ABOUT_RETURN_TYPE = YES_ERROR;
				GCC_WARN_UNDECLARED_SELECTOR = YES;
				GCC_WARN_UNINITIALIZED_AUTOS = YES_AGGRESSIVE;
				GCC_WARN_UNUSED_FUNCTION = YES;
				GCC_WARN_UNUSED_VARIABLE = YES;
				IPHONEOS_DEPLOYMENT_TARGET = 18.1;
				LOCALIZATION_PREFERS_STRING_CATALOGS = YES;
				MTL_ENABLE_DEBUG_INFO = NO;
				MTL_FAST_MATH = YES;
				SDKROOT = iphoneos;
				SWIFT_COMPILATION_MODE = wholemodule;
				VALIDATE_PRODUCT = YES;
			};
			name = Release;
		};
		17D26D6E2D0E9BC30088E655 /* Debug */ = {
			isa = XCBuildConfiguration;
			buildSettings = {
				ASSETCATALOG_COMPILER_APPICON_NAME = AppIcon;
				ASSETCATALOG_COMPILER_GLOBAL_ACCENT_COLOR_NAME = AccentColor;
				CODE_SIGN_STYLE = Automatic;
				CURRENT_PROJECT_VERSION = 1;
				DEVELOPMENT_ASSET_PATHS = "\"TheSqareGame/Preview Content\"";
				ENABLE_PREVIEWS = YES;
				GENERATE_INFOPLIST_FILE = YES;
				INFOPLIST_KEY_UIApplicationSceneManifest_Generation = YES;
				INFOPLIST_KEY_UIApplicationSupportsIndirectInputEvents = YES;
				INFOPLIST_KEY_UILaunchScreen_Generation = YES;
				INFOPLIST_KEY_UISupportedInterfaceOrientations_iPad = "UIInterfaceOrientationPortrait UIInterfaceOrientationPortraitUpsideDown UIInterfaceOrientationLandscapeLeft UIInterfaceOrientationLandscapeRight";
				INFOPLIST_KEY_UISupportedInterfaceOrientations_iPhone = "UIInterfaceOrientationPortrait UIInterfaceOrientationLandscapeLeft UIInterfaceOrientationLandscapeRight";
				LD_RUNPATH_SEARCH_PATHS = (
					"$(inherited)",
					"@executable_path/Frameworks",
				);
				MARKETING_VERSION = 1.0;
				PRODUCT_BUNDLE_IDENTIFIER = gamika.TheSqareGame;
				PRODUCT_NAME = "$(TARGET_NAME)";
				SWIFT_EMIT_LOC_STRINGS = YES;
				SWIFT_VERSION = 5.0;
				TARGETED_DEVICE_FAMILY = "1,2";
			};
			name = Debug;
		};
		17D26D6F2D0E9BC30088E655 /* Release */ = {
			isa = XCBuildConfiguration;
			buildSettings = {
				ASSETCATALOG_COMPILER_APPICON_NAME = AppIcon;
				ASSETCATALOG_COMPILER_GLOBAL_ACCENT_COLOR_NAME = AccentColor;
				CODE_SIGN_STYLE = Automatic;
				CURRENT_PROJECT_VERSION = 1;
				DEVELOPMENT_ASSET_PATHS = "\"TheSqareGame/Preview Content\"";
				ENABLE_PREVIEWS = YES;
				GENERATE_INFOPLIST_FILE = YES;
				INFOPLIST_KEY_UIApplicationSceneManifest_Generation = YES;
				INFOPLIST_KEY_UIApplicationSupportsIndirectInputEvents = YES;
				INFOPLIST_KEY_UILaunchScreen_Generation = YES;
				INFOPLIST_KEY_UISupportedInterfaceOrientations_iPad = "UIInterfaceOrientationPortrait UIInterfaceOrientationPortraitUpsideDown UIInterfaceOrientationLandscapeLeft UIInterfaceOrientationLandscapeRight";
				INFOPLIST_KEY_UISupportedInterfaceOrientations_iPhone = "UIInterfaceOrientationPortrait UIInterfaceOrientationLandscapeLeft UIInterfaceOrientationLandscapeRight";
				LD_RUNPATH_SEARCH_PATHS = (
					"$(inherited)",
					"@executable_path/Frameworks",
				);
				MARKETING_VERSION = 1.0;
				PRODUCT_BUNDLE_IDENTIFIER = gamika.TheSqareGame;
				PRODUCT_NAME = "$(TARGET_NAME)";
				SWIFT_EMIT_LOC_STRINGS = YES;
				SWIFT_VERSION = 5.0;
				TARGETED_DEVICE_FAMILY = "1,2";
			};
			name = Release;
		};
		17D26D712D0E9BC30088E655 /* Debug */ = {
			isa = XCBuildConfiguration;
			buildSettings = {
				BUNDLE_LOADER = "$(TEST_HOST)";
				CODE_SIGN_STYLE = Automatic;
				CURRENT_PROJECT_VERSION = 1;
				GENERATE_INFOPLIST_FILE = YES;
				IPHONEOS_DEPLOYMENT_TARGET = 18.1;
				MARKETING_VERSION = 1.0;
				PRODUCT_BUNDLE_IDENTIFIER = gamika.TheSqareGameTests;
				PRODUCT_NAME = "$(TARGET_NAME)";
				SWIFT_EMIT_LOC_STRINGS = NO;
				SWIFT_VERSION = 5.0;
				TARGETED_DEVICE_FAMILY = "1,2";
				TEST_HOST = "$(BUILT_PRODUCTS_DIR)/TheSqareGame.app/$(BUNDLE_EXECUTABLE_FOLDER_PATH)/TheSqareGame";
			};
			name = Debug;
		};
		17D26D722D0E9BC30088E655 /* Release */ = {
			isa = XCBuildConfiguration;
			buildSettings = {
				BUNDLE_LOADER = "$(TEST_HOST)";
				CODE_SIGN_STYLE = Automatic;
				CURRENT_PROJECT_VERSION = 1;
				GENERATE_INFOPLIST_FILE = YES;
				IPHONEOS_DEPLOYMENT_TARGET = 18.1;
				MARKETING_VERSION = 1.0;
				PRODUCT_BUNDLE_IDENTIFIER = gamika.TheSqareGameTests;
				PRODUCT_NAME = "$(TARGET_NAME)";
				SWIFT_EMIT_LOC_STRINGS = NO;
				SWIFT_VERSION = 5.0;
				TARGETED_DEVICE_FAMILY = "1,2";
				TEST_HOST = "$(BUILT_PRODUCTS_DIR)/TheSqareGame.app/$(BUNDLE_EXECUTABLE_FOLDER_PATH)/TheSqareGame";
			};
			name = Release;
		};
		17D26D742D0E9BC30088E655 /* Debug */ = {
			isa = XCBuildConfiguration;
			buildSettings = {
				CODE_SIGN_STYLE = Automatic;
				CURRENT_PROJECT_VERSION = 1;
				GENERATE_INFOPLIST_FILE = YES;
				MARKETING_VERSION = 1.0;
				PRODUCT_BUNDLE_IDENTIFIER = gamika.TheSqareGameUITests;
				PRODUCT_NAME = "$(TARGET_NAME)";
				SWIFT_EMIT_LOC_STRINGS = NO;
				SWIFT_VERSION = 5.0;
				TARGETED_DEVICE_FAMILY = "1,2";
				TEST_TARGET_NAME = TheSqareGame;
			};
			name = Debug;
		};
		17D26D752D0E9BC30088E655 /* Release */ = {
			isa = XCBuildConfiguration;
			buildSettings = {
				CODE_SIGN_STYLE = Automatic;
				CURRENT_PROJECT_VERSION = 1;
				GENERATE_INFOPLIST_FILE = YES;
				MARKETING_VERSION = 1.0;
				PRODUCT_BUNDLE_IDENTIFIER = gamika.TheSqareGameUITests;
				PRODUCT_NAME = "$(TARGET_NAME)";
				SWIFT_EMIT_LOC_STRINGS = NO;
				SWIFT_VERSION = 5.0;
				TARGETED_DEVICE_FAMILY = "1,2";
				TEST_TARGET_NAME = TheSqareGame;
			};
			name = Release;
		};
/* End XCBuildConfiguration section */

/* Begin XCConfigurationList section */
		17D26D442D0E9BC00088E655 /* Build configuration list for PBXProject "TheSqareGame" */ = {
			isa = XCConfigurationList;
			buildConfigurations = (
				17D26D6B2D0E9BC30088E655 /* Debug */,
				17D26D6C2D0E9BC30088E655 /* Release */,
			);
			defaultConfigurationIsVisible = 0;
			defaultConfigurationName = Release;
		};
		17D26D6D2D0E9BC30088E655 /* Build configuration list for PBXNativeTarget "TheSqareGame" */ = {
			isa = XCConfigurationList;
			buildConfigurations = (
				17D26D6E2D0E9BC30088E655 /* Debug */,
				17D26D6F2D0E9BC30088E655 /* Release */,
			);
			defaultConfigurationIsVisible = 0;
			defaultConfigurationName = Release;
		};
		17D26D702D0E9BC30088E655 /* Build configuration list for PBXNativeTarget "TheSqareGameTests" */ = {
			isa = XCConfigurationList;
			buildConfigurations = (
				17D26D712D0E9BC30088E655 /* Debug */,
				17D26D722D0E9BC30088E655 /* Release */,
			);
			defaultConfigurationIsVisible = 0;
			defaultConfigurationName = Release;
		};
		17D26D732D0E9BC30088E655 /* Build configuration list for PBXNativeTarget "TheSqareGameUITests" */ = {
			isa = XCConfigurationList;
			buildConfigurations = (
				17D26D742D0E9BC30088E655 /* Debug */,
				17D26D752D0E9BC30088E655 /* Release */,
			);
			defaultConfigurationIsVisible = 0;
			defaultConfigurationName = Release;
		};
/* End XCConfigurationList section */
	};
	rootObject = 17D26D412D0E9BC00088E655 /* Project object */;
}
